// !$*UTF8*$!
{
	archiveVersion = 1;
	classes = {
	};
	objectVersion = 50;
	objects = {

/* Begin PBXBuildFile section */
		996757DC231879EF006AB7A0 /* Constants.swift in Sources */ = {isa = PBXBuildFile; fileRef = 996757DB231879EF006AB7A0 /* Constants.swift */; };
		996757DF2318878B006AB7A0 /* CloudKit.framework in Frameworks */ = {isa = PBXBuildFile; fileRef = 996757DE2318878B006AB7A0 /* CloudKit.framework */; };
		9997DADB2316F99E00FE9861 /* SearchableRecord.swift in Sources */ = {isa = PBXBuildFile; fileRef = 9997DADA2316F99E00FE9861 /* SearchableRecord.swift */; };
		9997DADD23172C5300FE9861 /* PhotoSelectorViewController.swift in Sources */ = {isa = PBXBuildFile; fileRef = 9997DADC23172C5300FE9861 /* PhotoSelectorViewController.swift */; };
		99A5AB2B2315BB5D004C978D /* AppDelegate.swift in Sources */ = {isa = PBXBuildFile; fileRef = 99A5AB2A2315BB5D004C978D /* AppDelegate.swift */; };
		99A5AB302315BB5D004C978D /* Main.storyboard in Resources */ = {isa = PBXBuildFile; fileRef = 99A5AB2E2315BB5D004C978D /* Main.storyboard */; };
		99A5AB322315BB5F004C978D /* Assets.xcassets in Resources */ = {isa = PBXBuildFile; fileRef = 99A5AB312315BB5F004C978D /* Assets.xcassets */; };
		99A5AB352315BB5F004C978D /* LaunchScreen.storyboard in Resources */ = {isa = PBXBuildFile; fileRef = 99A5AB332315BB5F004C978D /* LaunchScreen.storyboard */; };
		99A5AB402315BD45004C978D /* PostListTableViewController.swift in Sources */ = {isa = PBXBuildFile; fileRef = 99A5AB3F2315BD45004C978D /* PostListTableViewController.swift */; };
		99A5AB422315BDDF004C978D /* PostDetailTableViewController.swift in Sources */ = {isa = PBXBuildFile; fileRef = 99A5AB412315BDDF004C978D /* PostDetailTableViewController.swift */; };
		99A5AB442315BEA9004C978D /* AddPostTableViewController.swift in Sources */ = {isa = PBXBuildFile; fileRef = 99A5AB432315BEA9004C978D /* AddPostTableViewController.swift */; };
		99A5AB472315BEE7004C978D /* Post.swift in Sources */ = {isa = PBXBuildFile; fileRef = 99A5AB462315BEE7004C978D /* Post.swift */; };
		99A5AB492315C0F4004C978D /* Comment.swift in Sources */ = {isa = PBXBuildFile; fileRef = 99A5AB482315C0F4004C978D /* Comment.swift */; };
		99A5AB4C2315C1CD004C978D /* PostController.swift in Sources */ = {isa = PBXBuildFile; fileRef = 99A5AB4B2315C1CD004C978D /* PostController.swift */; };
		99A5AB4F2315C3FC004C978D /* PostTableViewCell.swift in Sources */ = {isa = PBXBuildFile; fileRef = 99A5AB4E2315C3FC004C978D /* PostTableViewCell.swift */; };
/* End PBXBuildFile section */

/* Begin PBXFileReference section */
		996757DB231879EF006AB7A0 /* Constants.swift */ = {isa = PBXFileReference; lastKnownFileType = sourcecode.swift; path = Constants.swift; sourceTree = "<group>"; };
		996757DE2318878B006AB7A0 /* CloudKit.framework */ = {isa = PBXFileReference; lastKnownFileType = wrapper.framework; name = CloudKit.framework; path = System/Library/Frameworks/CloudKit.framework; sourceTree = SDKROOT; };
		9997DADA2316F99E00FE9861 /* SearchableRecord.swift */ = {isa = PBXFileReference; lastKnownFileType = sourcecode.swift; path = SearchableRecord.swift; sourceTree = "<group>"; };
		9997DADC23172C5300FE9861 /* PhotoSelectorViewController.swift */ = {isa = PBXFileReference; lastKnownFileType = sourcecode.swift; path = PhotoSelectorViewController.swift; sourceTree = "<group>"; };
		99A5AB272315BB5D004C978D /* MMContinuum.app */ = {isa = PBXFileReference; explicitFileType = wrapper.application; includeInIndex = 0; path = MMContinuum.app; sourceTree = BUILT_PRODUCTS_DIR; };
		99A5AB2A2315BB5D004C978D /* AppDelegate.swift */ = {isa = PBXFileReference; lastKnownFileType = sourcecode.swift; path = AppDelegate.swift; sourceTree = "<group>"; };
		99A5AB2F2315BB5D004C978D /* Base */ = {isa = PBXFileReference; lastKnownFileType = file.storyboard; name = Base; path = Base.lproj/Main.storyboard; sourceTree = "<group>"; };
		99A5AB312315BB5F004C978D /* Assets.xcassets */ = {isa = PBXFileReference; lastKnownFileType = folder.assetcatalog; path = Assets.xcassets; sourceTree = "<group>"; };
		99A5AB342315BB5F004C978D /* Base */ = {isa = PBXFileReference; lastKnownFileType = file.storyboard; name = Base; path = Base.lproj/LaunchScreen.storyboard; sourceTree = "<group>"; };
		99A5AB362315BB5F004C978D /* Info.plist */ = {isa = PBXFileReference; lastKnownFileType = text.plist.xml; path = Info.plist; sourceTree = "<group>"; };
		99A5AB3D2315BB9B004C978D /* MMContinuum.entitlements */ = {isa = PBXFileReference; lastKnownFileType = text.plist.entitlements; path = MMContinuum.entitlements; sourceTree = "<group>"; };
		99A5AB3F2315BD45004C978D /* PostListTableViewController.swift */ = {isa = PBXFileReference; lastKnownFileType = sourcecode.swift; path = PostListTableViewController.swift; sourceTree = "<group>"; };
		99A5AB412315BDDF004C978D /* PostDetailTableViewController.swift */ = {isa = PBXFileReference; lastKnownFileType = sourcecode.swift; path = PostDetailTableViewController.swift; sourceTree = "<group>"; };
		99A5AB432315BEA9004C978D /* AddPostTableViewController.swift */ = {isa = PBXFileReference; lastKnownFileType = sourcecode.swift; path = AddPostTableViewController.swift; sourceTree = "<group>"; };
		99A5AB462315BEE7004C978D /* Post.swift */ = {isa = PBXFileReference; lastKnownFileType = sourcecode.swift; path = Post.swift; sourceTree = "<group>"; };
		99A5AB482315C0F4004C978D /* Comment.swift */ = {isa = PBXFileReference; lastKnownFileType = sourcecode.swift; path = Comment.swift; sourceTree = "<group>"; };
		99A5AB4B2315C1CD004C978D /* PostController.swift */ = {isa = PBXFileReference; lastKnownFileType = sourcecode.swift; path = PostController.swift; sourceTree = "<group>"; };
		99A5AB4E2315C3FC004C978D /* PostTableViewCell.swift */ = {isa = PBXFileReference; lastKnownFileType = sourcecode.swift; path = PostTableViewCell.swift; sourceTree = "<group>"; };
/* End PBXFileReference section */

/* Begin PBXFrameworksBuildPhase section */
		99A5AB242315BB5D004C978D /* Frameworks */ = {
			isa = PBXFrameworksBuildPhase;
			buildActionMask = 2147483647;
			files = (
				996757DF2318878B006AB7A0 /* CloudKit.framework in Frameworks */,
			);
			runOnlyForDeploymentPostprocessing = 0;
		};
/* End PBXFrameworksBuildPhase section */

/* Begin PBXGroup section */
		996757DD2318878B006AB7A0 /* Frameworks */ = {
			isa = PBXGroup;
			children = (
				996757DE2318878B006AB7A0 /* CloudKit.framework */,
			);
			name = Frameworks;
			sourceTree = "<group>";
		};
		99A5AB1E2315BB5D004C978D = {
			isa = PBXGroup;
			children = (
				99A5AB292315BB5D004C978D /* MMContinuum */,
				99A5AB282315BB5D004C978D /* Products */,
				996757DD2318878B006AB7A0 /* Frameworks */,
			);
			sourceTree = "<group>";
		};
		99A5AB282315BB5D004C978D /* Products */ = {
			isa = PBXGroup;
			children = (
				99A5AB272315BB5D004C978D /* MMContinuum.app */,
			);
			name = Products;
			sourceTree = "<group>";
		};
		99A5AB292315BB5D004C978D /* MMContinuum */ = {
			isa = PBXGroup;
			children = (
				99A5AB4D2315C3DB004C978D /* Views */,
				99A5AB4A2315C1C0004C978D /* Model Controllers */,
				99A5AB452315BEDC004C978D /* Models */,
				99A5AB3E2315BD1D004C978D /* View Controllers */,
				99A5AB3D2315BB9B004C978D /* MMContinuum.entitlements */,
				99A5AB3C2315BB76004C978D /* Resources */,
				99A5AB2E2315BB5D004C978D /* Main.storyboard */,
			);
			path = MMContinuum;
			sourceTree = "<group>";
		};
		99A5AB3C2315BB76004C978D /* Resources */ = {
			isa = PBXGroup;
			children = (
				99A5AB2A2315BB5D004C978D /* AppDelegate.swift */,
				99A5AB312315BB5F004C978D /* Assets.xcassets */,
				99A5AB332315BB5F004C978D /* LaunchScreen.storyboard */,
				99A5AB362315BB5F004C978D /* Info.plist */,
				996757DB231879EF006AB7A0 /* Constants.swift */,
			);
			path = Resources;
			sourceTree = "<group>";
		};
		99A5AB3E2315BD1D004C978D /* View Controllers */ = {
			isa = PBXGroup;
			children = (
				99A5AB3F2315BD45004C978D /* PostListTableViewController.swift */,
				99A5AB412315BDDF004C978D /* PostDetailTableViewController.swift */,
				99A5AB432315BEA9004C978D /* AddPostTableViewController.swift */,
				9997DADC23172C5300FE9861 /* PhotoSelectorViewController.swift */,
			);
			path = "View Controllers";
			sourceTree = "<group>";
		};
		99A5AB452315BEDC004C978D /* Models */ = {
			isa = PBXGroup;
			children = (
				99A5AB462315BEE7004C978D /* Post.swift */,
				99A5AB482315C0F4004C978D /* Comment.swift */,
				9997DADA2316F99E00FE9861 /* SearchableRecord.swift */,
			);
			path = Models;
			sourceTree = "<group>";
		};
		99A5AB4A2315C1C0004C978D /* Model Controllers */ = {
			isa = PBXGroup;
			children = (
				99A5AB4B2315C1CD004C978D /* PostController.swift */,
			);
			path = "Model Controllers";
			sourceTree = "<group>";
		};
		99A5AB4D2315C3DB004C978D /* Views */ = {
			isa = PBXGroup;
			children = (
				99A5AB4E2315C3FC004C978D /* PostTableViewCell.swift */,
			);
			path = Views;
			sourceTree = "<group>";
		};
/* End PBXGroup section */

/* Begin PBXNativeTarget section */
		99A5AB262315BB5D004C978D /* MMContinuum */ = {
			isa = PBXNativeTarget;
			buildConfigurationList = 99A5AB392315BB5F004C978D /* Build configuration list for PBXNativeTarget "MMContinuum" */;
			buildPhases = (
				99A5AB232315BB5D004C978D /* Sources */,
				99A5AB242315BB5D004C978D /* Frameworks */,
				99A5AB252315BB5D004C978D /* Resources */,
			);
			buildRules = (
			);
			dependencies = (
			);
			name = MMContinuum;
			productName = MMContinuum;
			productReference = 99A5AB272315BB5D004C978D /* MMContinuum.app */;
			productType = "com.apple.product-type.application";
		};
/* End PBXNativeTarget section */

/* Begin PBXProject section */
		99A5AB1F2315BB5D004C978D /* Project object */ = {
			isa = PBXProject;
			attributes = {
				LastSwiftUpdateCheck = 1030;
				LastUpgradeCheck = 1030;
				ORGANIZATIONNAME = "Mitch Merrell";
				TargetAttributes = {
					99A5AB262315BB5D004C978D = {
						CreatedOnToolsVersion = 10.3;
						SystemCapabilities = {
							com.apple.Push = {
								enabled = 1;
							};
							com.apple.iCloud = {
								enabled = 1;
							};
						};
					};
				};
			};
			buildConfigurationList = 99A5AB222315BB5D004C978D /* Build configuration list for PBXProject "MMContinuum" */;
			compatibilityVersion = "Xcode 9.3";
			developmentRegion = en;
			hasScannedForEncodings = 0;
			knownRegions = (
				en,
				Base,
			);
			mainGroup = 99A5AB1E2315BB5D004C978D;
			productRefGroup = 99A5AB282315BB5D004C978D /* Products */;
			projectDirPath = "";
			projectRoot = "";
			targets = (
				99A5AB262315BB5D004C978D /* MMContinuum */,
			);
		};
/* End PBXProject section */

/* Begin PBXResourcesBuildPhase section */
		99A5AB252315BB5D004C978D /* Resources */ = {
			isa = PBXResourcesBuildPhase;
			buildActionMask = 2147483647;
			files = (
				99A5AB352315BB5F004C978D /* LaunchScreen.storyboard in Resources */,
				99A5AB322315BB5F004C978D /* Assets.xcassets in Resources */,
				99A5AB302315BB5D004C978D /* Main.storyboard in Resources */,
			);
			runOnlyForDeploymentPostprocessing = 0;
		};
/* End PBXResourcesBuildPhase section */

/* Begin PBXSourcesBuildPhase section */
		99A5AB232315BB5D004C978D /* Sources */ = {
			isa = PBXSourcesBuildPhase;
			buildActionMask = 2147483647;
			files = (
				99A5AB2B2315BB5D004C978D /* AppDelegate.swift in Sources */,
				996757DC231879EF006AB7A0 /* Constants.swift in Sources */,
				99A5AB492315C0F4004C978D /* Comment.swift in Sources */,
				9997DADB2316F99E00FE9861 /* SearchableRecord.swift in Sources */,
				99A5AB402315BD45004C978D /* PostListTableViewController.swift in Sources */,
				99A5AB4F2315C3FC004C978D /* PostTableViewCell.swift in Sources */,
				99A5AB442315BEA9004C978D /* AddPostTableViewController.swift in Sources */,
				9997DADD23172C5300FE9861 /* PhotoSelectorViewController.swift in Sources */,
				99A5AB4C2315C1CD004C978D /* PostController.swift in Sources */,
				99A5AB422315BDDF004C978D /* PostDetailTableViewController.swift in Sources */,
				99A5AB472315BEE7004C978D /* Post.swift in Sources */,
			);
			runOnlyForDeploymentPostprocessing = 0;
		};
/* End PBXSourcesBuildPhase section */

/* Begin PBXVariantGroup section */
		99A5AB2E2315BB5D004C978D /* Main.storyboard */ = {
			isa = PBXVariantGroup;
			children = (
				99A5AB2F2315BB5D004C978D /* Base */,
			);
			name = Main.storyboard;
			sourceTree = "<group>";
		};
		99A5AB332315BB5F004C978D /* LaunchScreen.storyboard */ = {
			isa = PBXVariantGroup;
			children = (
				99A5AB342315BB5F004C978D /* Base */,
			);
			name = LaunchScreen.storyboard;
			sourceTree = "<group>";
		};
/* End PBXVariantGroup section */

/* Begin XCBuildConfiguration section */
		99A5AB372315BB5F004C978D /* Debug */ = {
			isa = XCBuildConfiguration;
			buildSettings = {
				ALWAYS_SEARCH_USER_PATHS = NO;
				CLANG_ANALYZER_NONNULL = YES;
				CLANG_ANALYZER_NUMBER_OBJECT_CONVERSION = YES_AGGRESSIVE;
				CLANG_CXX_LANGUAGE_STANDARD = "gnu++14";
				CLANG_CXX_LIBRARY = "libc++";
				CLANG_ENABLE_MODULES = YES;
				CLANG_ENABLE_OBJC_ARC = YES;
				CLANG_ENABLE_OBJC_WEAK = YES;
				CLANG_WARN_BLOCK_CAPTURE_AUTORELEASING = YES;
				CLANG_WARN_BOOL_CONVERSION = YES;
				CLANG_WARN_COMMA = YES;
				CLANG_WARN_CONSTANT_CONVERSION = YES;
				CLANG_WARN_DEPRECATED_OBJC_IMPLEMENTATIONS = YES;
				CLANG_WARN_DIRECT_OBJC_ISA_USAGE = YES_ERROR;
				CLANG_WARN_DOCUMENTATION_COMMENTS = YES;
				CLANG_WARN_EMPTY_BODY = YES;
				CLANG_WARN_ENUM_CONVERSION = YES;
				CLANG_WARN_INFINITE_RECURSION = YES;
				CLANG_WARN_INT_CONVERSION = YES;
				CLANG_WARN_NON_LITERAL_NULL_CONVERSION = YES;
				CLANG_WARN_OBJC_IMPLICIT_RETAIN_SELF = YES;
				CLANG_WARN_OBJC_LITERAL_CONVERSION = YES;
				CLANG_WARN_OBJC_ROOT_CLASS = YES_ERROR;
				CLANG_WARN_RANGE_LOOP_ANALYSIS = YES;
				CLANG_WARN_STRICT_PROTOTYPES = YES;
				CLANG_WARN_SUSPICIOUS_MOVE = YES;
				CLANG_WARN_UNGUARDED_AVAILABILITY = YES_AGGRESSIVE;
				CLANG_WARN_UNREACHABLE_CODE = YES;
				CLANG_WARN__DUPLICATE_METHOD_MATCH = YES;
				CODE_SIGN_IDENTITY = "iPhone Developer";
				COPY_PHASE_STRIP = NO;
				DEBUG_INFORMATION_FORMAT = dwarf;
				ENABLE_STRICT_OBJC_MSGSEND = YES;
				ENABLE_TESTABILITY = YES;
				GCC_C_LANGUAGE_STANDARD = gnu11;
				GCC_DYNAMIC_NO_PIC = NO;
				GCC_NO_COMMON_BLOCKS = YES;
				GCC_OPTIMIZATION_LEVEL = 0;
				GCC_PREPROCESSOR_DEFINITIONS = (
					"DEBUG=1",
					"$(inherited)",
				);
				GCC_WARN_64_TO_32_BIT_CONVERSION = YES;
				GCC_WARN_ABOUT_RETURN_TYPE = YES_ERROR;
				GCC_WARN_UNDECLARED_SELECTOR = YES;
				GCC_WARN_UNINITIALIZED_AUTOS = YES_AGGRESSIVE;
				GCC_WARN_UNUSED_FUNCTION = YES;
				GCC_WARN_UNUSED_VARIABLE = YES;
				IPHONEOS_DEPLOYMENT_TARGET = 12.4;
				MTL_ENABLE_DEBUG_INFO = INCLUDE_SOURCE;
				MTL_FAST_MATH = YES;
				ONLY_ACTIVE_ARCH = YES;
				SDKROOT = iphoneos;
				SWIFT_ACTIVE_COMPILATION_CONDITIONS = DEBUG;
				SWIFT_OPTIMIZATION_LEVEL = "-Onone";
			};
			name = Debug;
		};
		99A5AB382315BB5F004C978D /* Release */ = {
			isa = XCBuildConfiguration;
			buildSettings = {
				ALWAYS_SEARCH_USER_PATHS = NO;
				CLANG_ANALYZER_NONNULL = YES;
				CLANG_ANALYZER_NUMBER_OBJECT_CONVERSION = YES_AGGRESSIVE;
				CLANG_CXX_LANGUAGE_STANDARD = "gnu++14";
				CLANG_CXX_LIBRARY = "libc++";
				CLANG_ENABLE_MODULES = YES;
				CLANG_ENABLE_OBJC_ARC = YES;
				CLANG_ENABLE_OBJC_WEAK = YES;
				CLANG_WARN_BLOCK_CAPTURE_AUTORELEASING = YES;
				CLANG_WARN_BOOL_CONVERSION = YES;
				CLANG_WARN_COMMA = YES;
				CLANG_WARN_CONSTANT_CONVERSION = YES;
				CLANG_WARN_DEPRECATED_OBJC_IMPLEMENTATIONS = YES;
				CLANG_WARN_DIRECT_OBJC_ISA_USAGE = YES_ERROR;
				CLANG_WARN_DOCUMENTATION_COMMENTS = YES;
				CLANG_WARN_EMPTY_BODY = YES;
				CLANG_WARN_ENUM_CONVERSION = YES;
				CLANG_WARN_INFINITE_RECURSION = YES;
				CLANG_WARN_INT_CONVERSION = YES;
				CLANG_WARN_NON_LITERAL_NULL_CONVERSION = YES;
				CLANG_WARN_OBJC_IMPLICIT_RETAIN_SELF = YES;
				CLANG_WARN_OBJC_LITERAL_CONVERSION = YES;
				CLANG_WARN_OBJC_ROOT_CLASS = YES_ERROR;
				CLANG_WARN_RANGE_LOOP_ANALYSIS = YES;
				CLANG_WARN_STRICT_PROTOTYPES = YES;
				CLANG_WARN_SUSPICIOUS_MOVE = YES;
				CLANG_WARN_UNGUARDED_AVAILABILITY = YES_AGGRESSIVE;
				CLANG_WARN_UNREACHABLE_CODE = YES;
				CLANG_WARN__DUPLICATE_METHOD_MATCH = YES;
				CODE_SIGN_IDENTITY = "iPhone Developer";
				COPY_PHASE_STRIP = NO;
				DEBUG_INFORMATION_FORMAT = "dwarf-with-dsym";
				ENABLE_NS_ASSERTIONS = NO;
				ENABLE_STRICT_OBJC_MSGSEND = YES;
				GCC_C_LANGUAGE_STANDARD = gnu11;
				GCC_NO_COMMON_BLOCKS = YES;
				GCC_WARN_64_TO_32_BIT_CONVERSION = YES;
				GCC_WARN_ABOUT_RETURN_TYPE = YES_ERROR;
				GCC_WARN_UNDECLARED_SELECTOR = YES;
				GCC_WARN_UNINITIALIZED_AUTOS = YES_AGGRESSIVE;
				GCC_WARN_UNUSED_FUNCTION = YES;
				GCC_WARN_UNUSED_VARIABLE = YES;
				IPHONEOS_DEPLOYMENT_TARGET = 12.4;
				MTL_ENABLE_DEBUG_INFO = NO;
				MTL_FAST_MATH = YES;
				SDKROOT = iphoneos;
				SWIFT_COMPILATION_MODE = wholemodule;
				SWIFT_OPTIMIZATION_LEVEL = "-O";
				VALIDATE_PRODUCT = YES;
			};
			name = Release;
		};
		99A5AB3A2315BB5F004C978D /* Debug */ = {
			isa = XCBuildConfiguration;
			buildSettings = {
				ASSETCATALOG_COMPILER_APPICON_NAME = AppIcon;
				CODE_SIGN_ENTITLEMENTS = MMContinuum/MMContinuum.entitlements;
				CODE_SIGN_STYLE = Automatic;
				DEVELOPMENT_TEAM = 6H38T972U3;
				INFOPLIST_FILE = "$(SRCROOT)/MMContinuum/Resources/Info.plist";
				LD_RUNPATH_SEARCH_PATHS = (
					"$(inherited)",
					"@executable_path/Frameworks",
				);
				PRODUCT_BUNDLE_IDENTIFIER = com.mitchmerrell.MMContinuum;
				PRODUCT_NAME = "$(TARGET_NAME)";
				SWIFT_VERSION = 5.0;
				TARGETED_DEVICE_FAMILY = "1,2";
			};
			name = Debug;
		};
		99A5AB3B2315BB5F004C978D /* Release */ = {
			isa = XCBuildConfiguration;
			buildSettings = {
				ASSETCATALOG_COMPILER_APPICON_NAME = AppIcon;
				CODE_SIGN_ENTITLEMENTS = MMContinuum/MMContinuum.entitlements;
				CODE_SIGN_STYLE = Automatic;
				DEVELOPMENT_TEAM = 6H38T972U3;
				INFOPLIST_FILE = "$(SRCROOT)/MMContinuum/Resources/Info.plist";
				LD_RUNPATH_SEARCH_PATHS = (
					"$(inherited)",
					"@executable_path/Frameworks",
				);
				PRODUCT_BUNDLE_IDENTIFIER = com.mitchmerrell.MMContinuum;
				PRODUCT_NAME = "$(TARGET_NAME)";
				SWIFT_VERSION = 5.0;
				TARGETED_DEVICE_FAMILY = "1,2";
			};
			name = Release;
		};
/* End XCBuildConfiguration section */

/* Begin XCConfigurationList section */
		99A5AB222315BB5D004C978D /* Build configuration list for PBXProject "MMContinuum" */ = {
			isa = XCConfigurationList;
			buildConfigurations = (
				99A5AB372315BB5F004C978D /* Debug */,
				99A5AB382315BB5F004C978D /* Release */,
			);
			defaultConfigurationIsVisible = 0;
			defaultConfigurationName = Release;
		};
		99A5AB392315BB5F004C978D /* Build configuration list for PBXNativeTarget "MMContinuum" */ = {
			isa = XCConfigurationList;
			buildConfigurations = (
				99A5AB3A2315BB5F004C978D /* Debug */,
				99A5AB3B2315BB5F004C978D /* Release */,
			);
			defaultConfigurationIsVisible = 0;
			defaultConfigurationName = Release;
		};
/* End XCConfigurationList section */
	};
	rootObject = 99A5AB1F2315BB5D004C978D /* Project object */;
}
